# FlexSoC native toolchain lock. Each managed tool is pinned independently.
LOCK_VERSION=3

# base -----------------------------------------------------------------------
VERILATOR_VERSION=5.050
VERILATOR_MIN_VERSION=5.050
VERILATOR_REPO=https://github.com/verilator/verilator.git
VERILATOR_REF=848d926ebd4addacacd294dc84e35d9d4ae8078c

SLANG_VERSION=11.0.0
SLANG_REPO=https://github.com/MikePopoloski/slang.git
SLANG_REF=7ddf4059f79eff508dd486eb42fd650cdf320d52

IVERILOG_VERSION=13.0
IVERILOG_MIN_VERSION=12.0
IVERILOG_URL=https://codeload.github.com/steveicarus/iverilog/tar.gz/v13_0
IVERILOG_SHA256=c897bbfa9848688982c6d5c30529fc29d68df0b9ff22ffa73bad89db73a7ce49
IVERILOG_ARCHIVE=tar.gz

YOSYS_VERSION=0.67
YOSYS_REPO=https://github.com/YosysHQ/yosys.git
YOSYS_REF=2d1509d1bcb8df0723f6790057e3b1d21c876683

BOOST_VERSION=1.87.0
BOOST_URL=https://archives.boost.io/release/1.87.0/source/boost_1_87_0.tar.gz
BOOST_SHA256=f55c340aa49763b1925ccf02b2e83f35fdcf634c9d5164a2acb87540173c741d

SBY_VERSION=0.67
SBY_REPO=https://github.com/YosysHQ/sby.git
SBY_REF=8f8833c6176be263907dea5b50da7759632aaff6

EQY_VERSION=0.67
EQY_REPO=https://github.com/YosysHQ/eqy.git
EQY_REF=fe7163db01bc332941cefa11d6a62d57cde792c7

BITWUZLA_VERSION=0.9.1
BITWUZLA_REPO=https://github.com/bitwuzla/bitwuzla.git
BITWUZLA_REF=8d1eb01093ae54d9b4586456b69c3bf31000a4c2

BOOLECTOR_VERSION=3.2.4
BOOLECTOR_URL=https://codeload.github.com/Boolector/boolector/tar.gz/refs/tags/3.2.4
BOOLECTOR_SHA256=249c6dbf4e52ea6e8df1ddf7965d47f5c30f2c14905dce9b8f411756b05878bf

CUDD_VERSION=3.0.0
CUDD_URL=https://github.com/davidkebo/cudd/raw/refs/heads/main/cudd_versions/cudd-3.0.0.tar.gz
CUDD_SHA256=b8e966b4562c96a03e7fbea239729587d7b395d53cadcc39a7203b49cf7eeb69
CUDD_ARCHIVE=tar.gz

OPENSTA_VERSION=d5761004
OPENSTA_REPO=https://github.com/The-OpenROAD-Project/OpenSTA.git
OPENSTA_REF=d5761004cd2cd2bcfa85d73327867966c279c83d

GTKWAVE_VERSION=3.3.127
GTKWAVE_URL=https://downloads.sourceforge.net/project/gtkwave/gtkwave-gtk3-3.3.127/gtkwave-gtk3-3.3.127.tar.gz
GTKWAVE_SHA256=f19da2db43b27bbcc669725843451945a68c3a4ce232562e341d6f63b80b55e4
GTKWAVE_ARCHIVE=tar.gz

SURFER_VERSION=0.7.0
SURFER_URL=https://gitlab.com/api/v4/projects/42073614/packages/generic/surfer/v0.7.0/surfer_linux_v0.7.0.zip
SURFER_SHA256=bfaa83a4b73e50ca3a4fd19d515b3beef34e781fa55765865bbcce696a183a4d
SURFER_ARCHIVE=zip

SV2V_VERSION=0.0.13
SV2V_REPO=https://github.com/zachjs/sv2v.git
SV2V_REF=e5effb5e1ea4e0cf9b4af2c769d364e0ed4b6d84

NETLISTSVG_VERSION=1.0.2
NETLISTSVG_REPO=https://github.com/nturley/netlistsvg.git
NETLISTSVG_REF=d3518f1b5c996a876b72a1a984bb39d3572c47dc

# impl -----------------------------------------------------------------------
# OpenROAD does not publish a modern stable release line comparable to Icarus
# or Verilator.  Record the exact FlexSoC-tested external baseline here; the
# managed impl installer remains a separate follow-up because OpenROAD brings a
# much larger dependency surface than the base profile.
OPENROAD_VERSION=v2.0-26328-gd6e98657f1
OPENROAD_REPO=https://github.com/The-OpenROAD-Project/OpenROAD.git
OPENROAD_REF_PREFIX=d6e98657f1
OPENROAD_INSTALL_MODE=external

# KLayout is intentionally not pinned yet.

# riscv ----------------------------------------------------------------------
# RISC-V GNU toolchain is intentionally not pinned yet.
